
Microsoft Visual Studio Solution File, Format Version 12.00
# Visual Studio Version 16
VisualStudioVersion = 16.0.32428.217
MinimumVisualStudioVersion = 10.0.40219.1
Project("{FAE04EC0-301F-11D3-BF4B-00C04F79EFBC}") = "u19195100-HW5", "u19195100-HW5\u19195100-HW5.csproj", "{F5E20FF1-C650-4A0F-A46B-7B4BAA76C489}"
EndProject
Global
	GlobalSection(SolutionConfigurationPlatforms) = preSolution
		Debug|Any CPU = Debug|Any CPU
		Release|Any CPU = Release|Any CPU
	EndGlobalSection
	GlobalSection(ProjectConfigurationPlatforms) = postSolution
		{F5E20FF1-C650-4A0F-A46B-7B4BAA76C489}.Debug|Any CPU.ActiveCfg = Debug|Any CPU
		{F5E20FF1-C650-4A0F-A46B-7B4BAA76C489}.Debug|Any CPU.Build.0 = Debug|Any CPU
		{F5E20FF1-C650-4A0F-A46B-7B4BAA76C489}.Release|Any CPU.ActiveCfg = Release|Any CPU
		{F5E20FF1-C650-4A0F-A46B-7B4BAA76C489}.Release|Any CPU.Build.0 = Release|Any CPU
	EndGlobalSection
	GlobalSection(SolutionProperties) = preSolution
		HideSolutionNode = FALSE
	EndGlobalSection
	GlobalSection(ExtensibilityGlobals) = postSolution
		SolutionGuid = {A4BAB47F-0A52-46D6-94F3-425AF65CBE45}
	EndGlobalSection
EndGlobal
